
Microsoft Visual Studio Solution File, Format Version 12.00
# Visual Studio Version 16
VisualStudioVersion = 16.0.29306.81
MinimumVisualStudioVersion = 10.0.40219.1
Project("{FAE04EC0-301F-11D3-BF4B-00C04F79EFBC}") = "Open-lab-01.2", "Open-lab-01.2\Open-lab-01.2.csproj", "{B0F55479-2C00-4B56-A22A-74A43FC61771}"
EndProject
Global
	GlobalSection(SolutionConfigurationPlatforms) = preSolution
		Debug|Any CPU = Debug|Any CPU
		Release|Any CPU = Release|Any CPU
	EndGlobalSection
	GlobalSection(ProjectConfigurationPlatforms) = postSolution
		{B0F55479-2C00-4B56-A22A-74A43FC61771}.Debug|Any CPU.ActiveCfg = Debug|Any CPU
		{B0F55479-2C00-4B56-A22A-74A43FC61771}.Debug|Any CPU.Build.0 = Debug|Any CPU
		{B0F55479-2C00-4B56-A22A-74A43FC61771}.Release|Any CPU.ActiveCfg = Release|Any CPU
		{B0F55479-2C00-4B56-A22A-74A43FC61771}.Release|Any CPU.Build.0 = Release|Any CPU
	EndGlobalSection
	GlobalSection(SolutionProperties) = preSolution
		HideSolutionNode = FALSE
	EndGlobalSection
	GlobalSection(ExtensibilityGlobals) = postSolution
		SolutionGuid = {E4220534-7DD6-4382-8041-2581DE5FA798}
	EndGlobalSection
EndGlobal
